
Microsoft Visual Studio Solution File, Format Version 12.00
# Visual Studio 14
VisualStudioVersion = 14.0.25420.1
MinimumVisualStudioVersion = 10.0.40219.1
Project("{FAE04EC0-301F-11D3-BF4B-00C04F79EFBC}") = "桥接模式", "桥接模式\桥接模式.csproj", "{AF357C5A-12FB-4952-B5EA-785A47A3B7CC}"
EndProject
Global
	GlobalSection(SolutionConfigurationPlatforms) = preSolution
		Debug|Any CPU = Debug|Any CPU
		Release|Any CPU = Release|Any CPU
	EndGlobalSection
	GlobalSection(ProjectConfigurationPlatforms) = postSolution
		{AF357C5A-12FB-4952-B5EA-785A47A3B7CC}.Debug|Any CPU.ActiveCfg = Debug|Any CPU
		{AF357C5A-12FB-4952-B5EA-785A47A3B7CC}.Debug|Any CPU.Build.0 = Debug|Any CPU
		{AF357C5A-12FB-4952-B5EA-785A47A3B7CC}.Release|Any CPU.ActiveCfg = Release|Any CPU
		{AF357C5A-12FB-4952-B5EA-785A47A3B7CC}.Release|Any CPU.Build.0 = Release|Any CPU
	EndGlobalSection
	GlobalSection(SolutionProperties) = preSolution
		HideSolutionNode = FALSE
	EndGlobalSection
EndGlobal
