
Microsoft Visual Studio Solution File, Format Version 12.00
# Visual Studio 14
VisualStudioVersion = 14.0.25123.0
MinimumVisualStudioVersion = 10.0.40219.1
Project("{FAE04EC0-301F-11D3-BF4B-00C04F79EFBC}") = "原型模式", "原型模式\原型模式.csproj", "{87CE91D6-5001-4458-91E9-848D544C2DBB}"
EndProject
Global
	GlobalSection(SolutionConfigurationPlatforms) = preSolution
		Debug|Any CPU = Debug|Any CPU
		Release|Any CPU = Release|Any CPU
	EndGlobalSection
	GlobalSection(ProjectConfigurationPlatforms) = postSolution
		{87CE91D6-5001-4458-91E9-848D544C2DBB}.Debug|Any CPU.ActiveCfg = Debug|Any CPU
		{87CE91D6-5001-4458-91E9-848D544C2DBB}.Debug|Any CPU.Build.0 = Debug|Any CPU
		{87CE91D6-5001-4458-91E9-848D544C2DBB}.Release|Any CPU.ActiveCfg = Release|Any CPU
		{87CE91D6-5001-4458-91E9-848D544C2DBB}.Release|Any CPU.Build.0 = Release|Any CPU
	EndGlobalSection
	GlobalSection(SolutionProperties) = preSolution
		HideSolutionNode = FALSE
	EndGlobalSection
EndGlobal
