
Microsoft Visual Studio Solution File, Format Version 12.00
# Visual Studio 14
VisualStudioVersion = 14.0.25420.1
MinimumVisualStudioVersion = 10.0.40219.1
Project("{FAE04EC0-301F-11D3-BF4B-00C04F79EFBC}") = "MSSQ_Send", "MSSQ_Send\MSSQ_Send.csproj", "{E7A111E4-CD2C-4C7A-A661-542D97C04917}"
EndProject
Project("{FAE04EC0-301F-11D3-BF4B-00C04F79EFBC}") = "MSSQ_Receive", "MSSQ_Receive\MSSQ_Receive.csproj", "{EA1AE482-1AB7-41E2-A248-F0EBFA162DE4}"
EndProject
Global
	GlobalSection(SolutionConfigurationPlatforms) = preSolution
		Debug|Any CPU = Debug|Any CPU
		Release|Any CPU = Release|Any CPU
	EndGlobalSection
	GlobalSection(ProjectConfigurationPlatforms) = postSolution
		{E7A111E4-CD2C-4C7A-A661-542D97C04917}.Debug|Any CPU.ActiveCfg = Debug|Any CPU
		{E7A111E4-CD2C-4C7A-A661-542D97C04917}.Debug|Any CPU.Build.0 = Debug|Any CPU
		{E7A111E4-CD2C-4C7A-A661-542D97C04917}.Release|Any CPU.ActiveCfg = Release|Any CPU
		{E7A111E4-CD2C-4C7A-A661-542D97C04917}.Release|Any CPU.Build.0 = Release|Any CPU
		{EA1AE482-1AB7-41E2-A248-F0EBFA162DE4}.Debug|Any CPU.ActiveCfg = Debug|Any CPU
		{EA1AE482-1AB7-41E2-A248-F0EBFA162DE4}.Debug|Any CPU.Build.0 = Debug|Any CPU
		{EA1AE482-1AB7-41E2-A248-F0EBFA162DE4}.Release|Any CPU.ActiveCfg = Release|Any CPU
		{EA1AE482-1AB7-41E2-A248-F0EBFA162DE4}.Release|Any CPU.Build.0 = Release|Any CPU
	EndGlobalSection
	GlobalSection(SolutionProperties) = preSolution
		HideSolutionNode = FALSE
	EndGlobalSection
EndGlobal
