
Microsoft Visual Studio Solution File, Format Version 12.00
# Visual Studio 15
VisualStudioVersion = 15.0.26730.16
MinimumVisualStudioVersion = 10.0.40219.1
Project("{FAE04EC0-301F-11D3-BF4B-00C04F79EFBC}") = "ConsoleApp1", "ConsoleApp1\ConsoleApp1.csproj", "{35C83351-8DE9-4B7B-A2A0-696C81A7C0B5}"
EndProject
Global
	GlobalSection(SolutionConfigurationPlatforms) = preSolution
		Debug|Any CPU = Debug|Any CPU
		Release|Any CPU = Release|Any CPU
	EndGlobalSection
	GlobalSection(ProjectConfigurationPlatforms) = postSolution
		{35C83351-8DE9-4B7B-A2A0-696C81A7C0B5}.Debug|Any CPU.ActiveCfg = Debug|Any CPU
		{35C83351-8DE9-4B7B-A2A0-696C81A7C0B5}.Debug|Any CPU.Build.0 = Debug|Any CPU
		{35C83351-8DE9-4B7B-A2A0-696C81A7C0B5}.Release|Any CPU.ActiveCfg = Release|Any CPU
		{35C83351-8DE9-4B7B-A2A0-696C81A7C0B5}.Release|Any CPU.Build.0 = Release|Any CPU
	EndGlobalSection
	GlobalSection(SolutionProperties) = preSolution
		HideSolutionNode = FALSE
	EndGlobalSection
	GlobalSection(ExtensibilityGlobals) = postSolution
		SolutionGuid = {2D85F1F3-ED1E-4793-B0DF-F51863324290}
	EndGlobalSection
EndGlobal
