
Microsoft Visual Studio Solution File, Format Version 12.00
# Visual Studio 14
VisualStudioVersion = 14.0.25123.0
MinimumVisualStudioVersion = 10.0.40219.1
Project("{FAE04EC0-301F-11D3-BF4B-00C04F79EFBC}") = "WpfApplication20", "WpfApplication20\WpfApplication20.csproj", "{D5F9A4E8-880C-4BE4-9ACA-1E03F8E39505}"
EndProject
Global
	GlobalSection(SolutionConfigurationPlatforms) = preSolution
		Debug|Any CPU = Debug|Any CPU
		Release|Any CPU = Release|Any CPU
	EndGlobalSection
	GlobalSection(ProjectConfigurationPlatforms) = postSolution
		{D5F9A4E8-880C-4BE4-9ACA-1E03F8E39505}.Debug|Any CPU.ActiveCfg = Debug|Any CPU
		{D5F9A4E8-880C-4BE4-9ACA-1E03F8E39505}.Debug|Any CPU.Build.0 = Debug|Any CPU
		{D5F9A4E8-880C-4BE4-9ACA-1E03F8E39505}.Release|Any CPU.ActiveCfg = Release|Any CPU
		{D5F9A4E8-880C-4BE4-9ACA-1E03F8E39505}.Release|Any CPU.Build.0 = Release|Any CPU
	EndGlobalSection
	GlobalSection(SolutionProperties) = preSolution
		HideSolutionNode = FALSE
	EndGlobalSection
EndGlobal
